// !$*UTF8*$!
{
	archiveVersion = 1;
	classes = {
	};
	objectVersion = 50;
	objects = {

/* Begin PBXBuildFile section */
		1F0DC34220AC7EFC00CF5019 /* main.cpp in Sources */ = {isa = PBXBuildFile; fileRef = 1F0DC34120AC7EFC00CF5019 /* main.cpp */; };
		1F0DC34A20AC7F4300CF5019 /* MedicalAnalysis.cpp in Sources */ = {isa = PBXBuildFile; fileRef = 1F0DC34820AC7F4300CF5019 /* MedicalAnalysis.cpp */; };
		1F0DC34D20AC7F4C00CF5019 /* BMI.cpp in Sources */ = {isa = PBXBuildFile; fileRef = 1F0DC34B20AC7F4C00CF5019 /* BMI.cpp */; };
		1F0DC35020AC7F9D00CF5019 /* BP.cpp in Sources */ = {isa = PBXBuildFile; fileRef = 1F0DC34E20AC7F9D00CF5019 /* BP.cpp */; };
		1F0DC35320AC7FBC00CF5019 /* Person.cpp in Sources */ = {isa = PBXBuildFile; fileRef = 1F0DC35120AC7FBC00CF5019 /* Person.cpp */; };
		1F0DC35920AC82EB00CF5019 /* Controller.cpp in Sources */ = {isa = PBXBuildFile; fileRef = 1F0DC35720AC82EB00CF5019 /* Controller.cpp */; };
		1F0DC35C20AC82FB00CF5019 /* UI.cpp in Sources */ = {isa = PBXBuildFile; fileRef = 1F0DC35A20AC82FB00CF5019 /* UI.cpp */; };
/* End PBXBuildFile section */

/* Begin PBXCopyFilesBuildPhase section */
		1F0DC33C20AC7EFC00CF5019 /* CopyFiles */ = {
			isa = PBXCopyFilesBuildPhase;
			buildActionMask = 2147483647;
			dstPath = /usr/share/man/man1/;
			dstSubfolderSpec = 0;
			files = (
			);
			runOnlyForDeploymentPostprocessing = 1;
		};
/* End PBXCopyFilesBuildPhase section */

/* Begin PBXFileReference section */
		1F0DC33E20AC7EFC00CF5019 /* LearnPoly */ = {isa = PBXFileReference; explicitFileType = "compiled.mach-o.executable"; includeInIndex = 0; path = LearnPoly; sourceTree = BUILT_PRODUCTS_DIR; };
		1F0DC34120AC7EFC00CF5019 /* main.cpp */ = {isa = PBXFileReference; lastKnownFileType = sourcecode.cpp.cpp; path = main.cpp; sourceTree = "<group>"; };
		1F0DC34820AC7F4300CF5019 /* MedicalAnalysis.cpp */ = {isa = PBXFileReference; lastKnownFileType = sourcecode.cpp.cpp; path = MedicalAnalysis.cpp; sourceTree = "<group>"; };
		1F0DC34920AC7F4300CF5019 /* MedicalAnalysis.h */ = {isa = PBXFileReference; lastKnownFileType = sourcecode.c.h; path = MedicalAnalysis.h; sourceTree = "<group>"; };
		1F0DC34B20AC7F4C00CF5019 /* BMI.cpp */ = {isa = PBXFileReference; lastKnownFileType = sourcecode.cpp.cpp; path = BMI.cpp; sourceTree = "<group>"; };
		1F0DC34C20AC7F4C00CF5019 /* BMI.h */ = {isa = PBXFileReference; lastKnownFileType = sourcecode.c.h; path = BMI.h; sourceTree = "<group>"; };
		1F0DC34E20AC7F9D00CF5019 /* BP.cpp */ = {isa = PBXFileReference; lastKnownFileType = sourcecode.cpp.cpp; path = BP.cpp; sourceTree = "<group>"; };
		1F0DC34F20AC7F9D00CF5019 /* BP.h */ = {isa = PBXFileReference; lastKnownFileType = sourcecode.c.h; path = BP.h; sourceTree = "<group>"; };
		1F0DC35120AC7FBC00CF5019 /* Person.cpp */ = {isa = PBXFileReference; lastKnownFileType = sourcecode.cpp.cpp; path = Person.cpp; sourceTree = "<group>"; };
		1F0DC35220AC7FBC00CF5019 /* Person.h */ = {isa = PBXFileReference; lastKnownFileType = sourcecode.c.h; path = Person.h; sourceTree = "<group>"; };
		1F0DC35720AC82EB00CF5019 /* Controller.cpp */ = {isa = PBXFileReference; lastKnownFileType = sourcecode.cpp.cpp; path = Controller.cpp; sourceTree = "<group>"; };
		1F0DC35820AC82EB00CF5019 /* Controller.h */ = {isa = PBXFileReference; lastKnownFileType = sourcecode.c.h; path = Controller.h; sourceTree = "<group>"; };
		1F0DC35A20AC82FB00CF5019 /* UI.cpp */ = {isa = PBXFileReference; lastKnownFileType = sourcecode.cpp.cpp; path = UI.cpp; sourceTree = "<group>"; };
		1F0DC35B20AC82FB00CF5019 /* UI.h */ = {isa = PBXFileReference; lastKnownFileType = sourcecode.c.h; path = UI.h; sourceTree = "<group>"; };
/* End PBXFileReference section */

/* Begin PBXFrameworksBuildPhase section */
		1F0DC33B20AC7EFC00CF5019 /* Frameworks */ = {
			isa = PBXFrameworksBuildPhase;
			buildActionMask = 2147483647;
			files = (
			);
			runOnlyForDeploymentPostprocessing = 0;
		};
/* End PBXFrameworksBuildPhase section */

/* Begin PBXGroup section */
		1F0DC33520AC7EFB00CF5019 = {
			isa = PBXGroup;
			children = (
				1F0DC34020AC7EFC00CF5019 /* LearnPoly */,
				1F0DC33F20AC7EFC00CF5019 /* Products */,
			);
			sourceTree = "<group>";
		};
		1F0DC33F20AC7EFC00CF5019 /* Products */ = {
			isa = PBXGroup;
			children = (
				1F0DC33E20AC7EFC00CF5019 /* LearnPoly */,
			);
			name = Products;
			sourceTree = "<group>";
		};
		1F0DC34020AC7EFC00CF5019 /* LearnPoly */ = {
			isa = PBXGroup;
			children = (
				1F0DC34120AC7EFC00CF5019 /* main.cpp */,
				1F0DC34820AC7F4300CF5019 /* MedicalAnalysis.cpp */,
				1F0DC34920AC7F4300CF5019 /* MedicalAnalysis.h */,
				1F0DC34B20AC7F4C00CF5019 /* BMI.cpp */,
				1F0DC34C20AC7F4C00CF5019 /* BMI.h */,
				1F0DC34E20AC7F9D00CF5019 /* BP.cpp */,
				1F0DC34F20AC7F9D00CF5019 /* BP.h */,
				1F0DC35120AC7FBC00CF5019 /* Person.cpp */,
				1F0DC35220AC7FBC00CF5019 /* Person.h */,
				1F0DC35720AC82EB00CF5019 /* Controller.cpp */,
				1F0DC35820AC82EB00CF5019 /* Controller.h */,
				1F0DC35A20AC82FB00CF5019 /* UI.cpp */,
				1F0DC35B20AC82FB00CF5019 /* UI.h */,
			);
			path = LearnPoly;
			sourceTree = "<group>";
		};
/* End PBXGroup section */

/* Begin PBXNativeTarget section */
		1F0DC33D20AC7EFC00CF5019 /* LearnPoly */ = {
			isa = PBXNativeTarget;
			buildConfigurationList = 1F0DC34520AC7EFC00CF5019 /* Build configuration list for PBXNativeTarget "LearnPoly" */;
			buildPhases = (
				1F0DC33A20AC7EFC00CF5019 /* Sources */,
				1F0DC33B20AC7EFC00CF5019 /* Frameworks */,
				1F0DC33C20AC7EFC00CF5019 /* CopyFiles */,
			);
			buildRules = (
			);
			dependencies = (
			);
			name = LearnPoly;
			productName = LearnPoly;
			productReference = 1F0DC33E20AC7EFC00CF5019 /* LearnPoly */;
			productType = "com.apple.product-type.tool";
		};
/* End PBXNativeTarget section */

/* Begin PBXProject section */
		1F0DC33620AC7EFB00CF5019 /* Project object */ = {
			isa = PBXProject;
			attributes = {
				LastUpgradeCheck = 0930;
				ORGANIZATIONNAME = "Adrian-Paul Florea";
				TargetAttributes = {
					1F0DC33D20AC7EFC00CF5019 = {
						CreatedOnToolsVersion = 9.3.1;
					};
				};
			};
			buildConfigurationList = 1F0DC33920AC7EFB00CF5019 /* Build configuration list for PBXProject "LearnPoly" */;
			compatibilityVersion = "Xcode 9.3";
			developmentRegion = en;
			hasScannedForEncodings = 0;
			knownRegions = (
				en,
			);
			mainGroup = 1F0DC33520AC7EFB00CF5019;
			productRefGroup = 1F0DC33F20AC7EFC00CF5019 /* Products */;
			projectDirPath = "";
			projectRoot = "";
			targets = (
				1F0DC33D20AC7EFC00CF5019 /* LearnPoly */,
			);
		};
/* End PBXProject section */

/* Begin PBXSourcesBuildPhase section */
		1F0DC33A20AC7EFC00CF5019 /* Sources */ = {
			isa = PBXSourcesBuildPhase;
			buildActionMask = 2147483647;
			files = (
				1F0DC34D20AC7F4C00CF5019 /* BMI.cpp in Sources */,
				1F0DC35020AC7F9D00CF5019 /* BP.cpp in Sources */,
				1F0DC34220AC7EFC00CF5019 /* main.cpp in Sources */,
				1F0DC35320AC7FBC00CF5019 /* Person.cpp in Sources */,
				1F0DC34A20AC7F4300CF5019 /* MedicalAnalysis.cpp in Sources */,
				1F0DC35C20AC82FB00CF5019 /* UI.cpp in Sources */,
				1F0DC35920AC82EB00CF5019 /* Controller.cpp in Sources */,
			);
			runOnlyForDeploymentPostprocessing = 0;
		};
/* End PBXSourcesBuildPhase section */

/* Begin XCBuildConfiguration section */
		1F0DC34320AC7EFC00CF5019 /* Debug */ = {
			isa = XCBuildConfiguration;
			buildSettings = {
				ALWAYS_SEARCH_USER_PATHS = NO;
				CLANG_ANALYZER_NONNULL = YES;
				CLANG_ANALYZER_NUMBER_OBJECT_CONVERSION = YES_AGGRESSIVE;
				CLANG_CXX_LANGUAGE_STANDARD = "gnu++14";
				CLANG_CXX_LIBRARY = "libc++";
				CLANG_ENABLE_MODULES = YES;
				CLANG_ENABLE_OBJC_ARC = YES;
				CLANG_ENABLE_OBJC_WEAK = YES;
				CLANG_WARN_BLOCK_CAPTURE_AUTORELEASING = YES;
				CLANG_WARN_BOOL_CONVERSION = YES;
				CLANG_WARN_COMMA = YES;
				CLANG_WARN_CONSTANT_CONVERSION = YES;
				CLANG_WARN_DEPRECATED_OBJC_IMPLEMENTATIONS = YES;
				CLANG_WARN_DIRECT_OBJC_ISA_USAGE = YES_ERROR;
				CLANG_WARN_DOCUMENTATION_COMMENTS = YES;
				CLANG_WARN_EMPTY_BODY = YES;
				CLANG_WARN_ENUM_CONVERSION = YES;
				CLANG_WARN_INFINITE_RECURSION = YES;
				CLANG_WARN_INT_CONVERSION = YES;
				CLANG_WARN_NON_LITERAL_NULL_CONVERSION = YES;
				CLANG_WARN_OBJC_IMPLICIT_RETAIN_SELF = YES;
				CLANG_WARN_OBJC_LITERAL_CONVERSION = YES;
				CLANG_WARN_OBJC_ROOT_CLASS = YES_ERROR;
				CLANG_WARN_RANGE_LOOP_ANALYSIS = YES;
				CLANG_WARN_STRICT_PROTOTYPES = YES;
				CLANG_WARN_SUSPICIOUS_MOVE = YES;
				CLANG_WARN_UNGUARDED_AVAILABILITY = YES_AGGRESSIVE;
				CLANG_WARN_UNREACHABLE_CODE = YES;
				CLANG_WARN__DUPLICATE_METHOD_MATCH = YES;
				CODE_SIGN_IDENTITY = "Mac Developer";
				COPY_PHASE_STRIP = NO;
				DEBUG_INFORMATION_FORMAT = dwarf;
				ENABLE_STRICT_OBJC_MSGSEND = YES;
				ENABLE_TESTABILITY = YES;
				GCC_C_LANGUAGE_STANDARD = gnu11;
				GCC_DYNAMIC_NO_PIC = NO;
				GCC_NO_COMMON_BLOCKS = YES;
				GCC_OPTIMIZATION_LEVEL = 0;
				GCC_PREPROCESSOR_DEFINITIONS = (
					"DEBUG=1",
					"$(inherited)",
				);
				GCC_WARN_64_TO_32_BIT_CONVERSION = YES;
				GCC_WARN_ABOUT_RETURN_TYPE = YES_ERROR;
				GCC_WARN_UNDECLARED_SELECTOR = YES;
				GCC_WARN_UNINITIALIZED_AUTOS = YES_AGGRESSIVE;
				GCC_WARN_UNUSED_FUNCTION = YES;
				GCC_WARN_UNUSED_VARIABLE = YES;
				MACOSX_DEPLOYMENT_TARGET = 10.13;
				MTL_ENABLE_DEBUG_INFO = YES;
				ONLY_ACTIVE_ARCH = YES;
				SDKROOT = macosx;
			};
			name = Debug;
		};
		1F0DC34420AC7EFC00CF5019 /* Release */ = {
			isa = XCBuildConfiguration;
			buildSettings = {
				ALWAYS_SEARCH_USER_PATHS = NO;
				CLANG_ANALYZER_NONNULL = YES;
				CLANG_ANALYZER_NUMBER_OBJECT_CONVERSION = YES_AGGRESSIVE;
				CLANG_CXX_LANGUAGE_STANDARD = "gnu++14";
				CLANG_CXX_LIBRARY = "libc++";
				CLANG_ENABLE_MODULES = YES;
				CLANG_ENABLE_OBJC_ARC = YES;
				CLANG_ENABLE_OBJC_WEAK = YES;
				CLANG_WARN_BLOCK_CAPTURE_AUTORELEASING = YES;
				CLANG_WARN_BOOL_CONVERSION = YES;
				CLANG_WARN_COMMA = YES;
				CLANG_WARN_CONSTANT_CONVERSION = YES;
				CLANG_WARN_DEPRECATED_OBJC_IMPLEMENTATIONS = YES;
				CLANG_WARN_DIRECT_OBJC_ISA_USAGE = YES_ERROR;
				CLANG_WARN_DOCUMENTATION_COMMENTS = YES;
				CLANG_WARN_EMPTY_BODY = YES;
				CLANG_WARN_ENUM_CONVERSION = YES;
				CLANG_WARN_INFINITE_RECURSION = YES;
				CLANG_WARN_INT_CONVERSION = YES;
				CLANG_WARN_NON_LITERAL_NULL_CONVERSION = YES;
				CLANG_WARN_OBJC_IMPLICIT_RETAIN_SELF = YES;
				CLANG_WARN_OBJC_LITERAL_CONVERSION = YES;
				CLANG_WARN_OBJC_ROOT_CLASS = YES_ERROR;
				CLANG_WARN_RANGE_LOOP_ANALYSIS = YES;
				CLANG_WARN_STRICT_PROTOTYPES = YES;
				CLANG_WARN_SUSPICIOUS_MOVE = YES;
				CLANG_WARN_UNGUARDED_AVAILABILITY = YES_AGGRESSIVE;
				CLANG_WARN_UNREACHABLE_CODE = YES;
				CLANG_WARN__DUPLICATE_METHOD_MATCH = YES;
				CODE_SIGN_IDENTITY = "Mac Developer";
				COPY_PHASE_STRIP = NO;
				DEBUG_INFORMATION_FORMAT = "dwarf-with-dsym";
				ENABLE_NS_ASSERTIONS = NO;
				ENABLE_STRICT_OBJC_MSGSEND = YES;
				GCC_C_LANGUAGE_STANDARD = gnu11;
				GCC_NO_COMMON_BLOCKS = YES;
				GCC_WARN_64_TO_32_BIT_CONVERSION = YES;
				GCC_WARN_ABOUT_RETURN_TYPE = YES_ERROR;
				GCC_WARN_UNDECLARED_SELECTOR = YES;
				GCC_WARN_UNINITIALIZED_AUTOS = YES_AGGRESSIVE;
				GCC_WARN_UNUSED_FUNCTION = YES;
				GCC_WARN_UNUSED_VARIABLE = YES;
				MACOSX_DEPLOYMENT_TARGET = 10.13;
				MTL_ENABLE_DEBUG_INFO = NO;
				SDKROOT = macosx;
			};
			name = Release;
		};
		1F0DC34620AC7EFC00CF5019 /* Debug */ = {
			isa = XCBuildConfiguration;
			buildSettings = {
				CODE_SIGN_STYLE = Automatic;
				DEVELOPMENT_TEAM = 46K333G6VT;
				PRODUCT_NAME = "$(TARGET_NAME)";
			};
			name = Debug;
		};
		1F0DC34720AC7EFC00CF5019 /* Release */ = {
			isa = XCBuildConfiguration;
			buildSettings = {
				CODE_SIGN_STYLE = Automatic;
				DEVELOPMENT_TEAM = 46K333G6VT;
				PRODUCT_NAME = "$(TARGET_NAME)";
			};
			name = Release;
		};
/* End XCBuildConfiguration section */

/* Begin XCConfigurationList section */
		1F0DC33920AC7EFB00CF5019 /* Build configuration list for PBXProject "LearnPoly" */ = {
			isa = XCConfigurationList;
			buildConfigurations = (
				1F0DC34320AC7EFC00CF5019 /* Debug */,
				1F0DC34420AC7EFC00CF5019 /* Release */,
			);
			defaultConfigurationIsVisible = 0;
			defaultConfigurationName = Release;
		};
		1F0DC34520AC7EFC00CF5019 /* Build configuration list for PBXNativeTarget "LearnPoly" */ = {
			isa = XCConfigurationList;
			buildConfigurations = (
				1F0DC34620AC7EFC00CF5019 /* Debug */,
				1F0DC34720AC7EFC00CF5019 /* Release */,
			);
			defaultConfigurationIsVisible = 0;
			defaultConfigurationName = Release;
		};
/* End XCConfigurationList section */
	};
	rootObject = 1F0DC33620AC7EFB00CF5019 /* Project object */;
}
