// !$*UTF8*$!
{
	archiveVersion = 1;
	classes = {
	};
	objectVersion = 50;
	objects = {

/* Begin PBXBuildFile section */
		1FE4D3A3208894030076132C /* main.cpp in Sources */ = {isa = PBXBuildFile; fileRef = 1FE4D3A2208894030076132C /* main.cpp */; };
		1FE4D3AB208894FA0076132C /* repo.cpp in Sources */ = {isa = PBXBuildFile; fileRef = 1FE4D3A9208894FA0076132C /* repo.cpp */; };
		1FE4D3AE208895020076132C /* controller.cpp in Sources */ = {isa = PBXBuildFile; fileRef = 1FE4D3AC208895020076132C /* controller.cpp */; };
		1FE4D3B12088950F0076132C /* team.cpp in Sources */ = {isa = PBXBuildFile; fileRef = 1FE4D3AF2088950F0076132C /* team.cpp */; };
		1FE4D3B42088951C0076132C /* UI.cpp in Sources */ = {isa = PBXBuildFile; fileRef = 1FE4D3B22088951C0076132C /* UI.cpp */; };
/* End PBXBuildFile section */

/* Begin PBXCopyFilesBuildPhase section */
		1FE4D39D208894030076132C /* CopyFiles */ = {
			isa = PBXCopyFilesBuildPhase;
			buildActionMask = 2147483647;
			dstPath = /usr/share/man/man1/;
			dstSubfolderSpec = 0;
			files = (
			);
			runOnlyForDeploymentPostprocessing = 1;
		};
/* End PBXCopyFilesBuildPhase section */

/* Begin PBXFileReference section */
		1FE4D39F208894030076132C /* TestLab7 */ = {isa = PBXFileReference; explicitFileType = "compiled.mach-o.executable"; includeInIndex = 0; path = TestLab7; sourceTree = BUILT_PRODUCTS_DIR; };
		1FE4D3A2208894030076132C /* main.cpp */ = {isa = PBXFileReference; lastKnownFileType = sourcecode.cpp.cpp; path = main.cpp; sourceTree = "<group>"; };
		1FE4D3A9208894FA0076132C /* repo.cpp */ = {isa = PBXFileReference; lastKnownFileType = sourcecode.cpp.cpp; path = repo.cpp; sourceTree = "<group>"; };
		1FE4D3AA208894FA0076132C /* repo.h */ = {isa = PBXFileReference; lastKnownFileType = sourcecode.c.h; path = repo.h; sourceTree = "<group>"; };
		1FE4D3AC208895020076132C /* controller.cpp */ = {isa = PBXFileReference; lastKnownFileType = sourcecode.cpp.cpp; path = controller.cpp; sourceTree = "<group>"; };
		1FE4D3AD208895020076132C /* controller.h */ = {isa = PBXFileReference; lastKnownFileType = sourcecode.c.h; path = controller.h; sourceTree = "<group>"; };
		1FE4D3AF2088950F0076132C /* team.cpp */ = {isa = PBXFileReference; lastKnownFileType = sourcecode.cpp.cpp; path = team.cpp; sourceTree = "<group>"; };
		1FE4D3B02088950F0076132C /* team.h */ = {isa = PBXFileReference; lastKnownFileType = sourcecode.c.h; path = team.h; sourceTree = "<group>"; };
		1FE4D3B22088951C0076132C /* UI.cpp */ = {isa = PBXFileReference; lastKnownFileType = sourcecode.cpp.cpp; path = UI.cpp; sourceTree = "<group>"; };
		1FE4D3B32088951C0076132C /* UI.h */ = {isa = PBXFileReference; lastKnownFileType = sourcecode.c.h; path = UI.h; sourceTree = "<group>"; };
/* End PBXFileReference section */

/* Begin PBXFrameworksBuildPhase section */
		1FE4D39C208894030076132C /* Frameworks */ = {
			isa = PBXFrameworksBuildPhase;
			buildActionMask = 2147483647;
			files = (
			);
			runOnlyForDeploymentPostprocessing = 0;
		};
/* End PBXFrameworksBuildPhase section */

/* Begin PBXGroup section */
		1FE4D396208894030076132C = {
			isa = PBXGroup;
			children = (
				1FE4D3A1208894030076132C /* TestLab7 */,
				1FE4D3A0208894030076132C /* Products */,
			);
			sourceTree = "<group>";
		};
		1FE4D3A0208894030076132C /* Products */ = {
			isa = PBXGroup;
			children = (
				1FE4D39F208894030076132C /* TestLab7 */,
			);
			name = Products;
			sourceTree = "<group>";
		};
		1FE4D3A1208894030076132C /* TestLab7 */ = {
			isa = PBXGroup;
			children = (
				1FE4D3A2208894030076132C /* main.cpp */,
				1FE4D3A9208894FA0076132C /* repo.cpp */,
				1FE4D3AA208894FA0076132C /* repo.h */,
				1FE4D3AC208895020076132C /* controller.cpp */,
				1FE4D3AD208895020076132C /* controller.h */,
				1FE4D3AF2088950F0076132C /* team.cpp */,
				1FE4D3B02088950F0076132C /* team.h */,
				1FE4D3B22088951C0076132C /* UI.cpp */,
				1FE4D3B32088951C0076132C /* UI.h */,
			);
			path = TestLab7;
			sourceTree = "<group>";
		};
/* End PBXGroup section */

/* Begin PBXNativeTarget section */
		1FE4D39E208894030076132C /* TestLab7 */ = {
			isa = PBXNativeTarget;
			buildConfigurationList = 1FE4D3A6208894030076132C /* Build configuration list for PBXNativeTarget "TestLab7" */;
			buildPhases = (
				1FE4D39B208894030076132C /* Sources */,
				1FE4D39C208894030076132C /* Frameworks */,
				1FE4D39D208894030076132C /* CopyFiles */,
			);
			buildRules = (
			);
			dependencies = (
			);
			name = TestLab7;
			productName = TestLab7;
			productReference = 1FE4D39F208894030076132C /* TestLab7 */;
			productType = "com.apple.product-type.tool";
		};
/* End PBXNativeTarget section */

/* Begin PBXProject section */
		1FE4D397208894030076132C /* Project object */ = {
			isa = PBXProject;
			attributes = {
				LastUpgradeCheck = 0930;
				ORGANIZATIONNAME = "Adrian-Paul Florea";
				TargetAttributes = {
					1FE4D39E208894030076132C = {
						CreatedOnToolsVersion = 9.3;
					};
				};
			};
			buildConfigurationList = 1FE4D39A208894030076132C /* Build configuration list for PBXProject "TestLab7" */;
			compatibilityVersion = "Xcode 9.3";
			developmentRegion = en;
			hasScannedForEncodings = 0;
			knownRegions = (
				en,
			);
			mainGroup = 1FE4D396208894030076132C;
			productRefGroup = 1FE4D3A0208894030076132C /* Products */;
			projectDirPath = "";
			projectRoot = "";
			targets = (
				1FE4D39E208894030076132C /* TestLab7 */,
			);
		};
/* End PBXProject section */

/* Begin PBXSourcesBuildPhase section */
		1FE4D39B208894030076132C /* Sources */ = {
			isa = PBXSourcesBuildPhase;
			buildActionMask = 2147483647;
			files = (
				1FE4D3B42088951C0076132C /* UI.cpp in Sources */,
				1FE4D3B12088950F0076132C /* team.cpp in Sources */,
				1FE4D3AE208895020076132C /* controller.cpp in Sources */,
				1FE4D3A3208894030076132C /* main.cpp in Sources */,
				1FE4D3AB208894FA0076132C /* repo.cpp in Sources */,
			);
			runOnlyForDeploymentPostprocessing = 0;
		};
/* End PBXSourcesBuildPhase section */

/* Begin XCBuildConfiguration section */
		1FE4D3A4208894030076132C /* Debug */ = {
			isa = XCBuildConfiguration;
			buildSettings = {
				ALWAYS_SEARCH_USER_PATHS = NO;
				CLANG_ANALYZER_NONNULL = YES;
				CLANG_ANALYZER_NUMBER_OBJECT_CONVERSION = YES_AGGRESSIVE;
				CLANG_CXX_LANGUAGE_STANDARD = "gnu++14";
				CLANG_CXX_LIBRARY = "libc++";
				CLANG_ENABLE_MODULES = YES;
				CLANG_ENABLE_OBJC_ARC = YES;
				CLANG_ENABLE_OBJC_WEAK = YES;
				CLANG_WARN_BLOCK_CAPTURE_AUTORELEASING = YES;
				CLANG_WARN_BOOL_CONVERSION = YES;
				CLANG_WARN_COMMA = YES;
				CLANG_WARN_CONSTANT_CONVERSION = YES;
				CLANG_WARN_DEPRECATED_OBJC_IMPLEMENTATIONS = YES;
				CLANG_WARN_DIRECT_OBJC_ISA_USAGE = YES_ERROR;
				CLANG_WARN_DOCUMENTATION_COMMENTS = YES;
				CLANG_WARN_EMPTY_BODY = YES;
				CLANG_WARN_ENUM_CONVERSION = YES;
				CLANG_WARN_INFINITE_RECURSION = YES;
				CLANG_WARN_INT_CONVERSION = YES;
				CLANG_WARN_NON_LITERAL_NULL_CONVERSION = YES;
				CLANG_WARN_OBJC_IMPLICIT_RETAIN_SELF = YES;
				CLANG_WARN_OBJC_LITERAL_CONVERSION = YES;
				CLANG_WARN_OBJC_ROOT_CLASS = YES_ERROR;
				CLANG_WARN_RANGE_LOOP_ANALYSIS = YES;
				CLANG_WARN_STRICT_PROTOTYPES = YES;
				CLANG_WARN_SUSPICIOUS_MOVE = YES;
				CLANG_WARN_UNGUARDED_AVAILABILITY = YES_AGGRESSIVE;
				CLANG_WARN_UNREACHABLE_CODE = YES;
				CLANG_WARN__DUPLICATE_METHOD_MATCH = YES;
				CODE_SIGN_IDENTITY = "Mac Developer";
				COPY_PHASE_STRIP = NO;
				DEBUG_INFORMATION_FORMAT = dwarf;
				ENABLE_STRICT_OBJC_MSGSEND = YES;
				ENABLE_TESTABILITY = YES;
				GCC_C_LANGUAGE_STANDARD = gnu11;
				GCC_DYNAMIC_NO_PIC = NO;
				GCC_NO_COMMON_BLOCKS = YES;
				GCC_OPTIMIZATION_LEVEL = 0;
				GCC_PREPROCESSOR_DEFINITIONS = (
					"DEBUG=1",
					"$(inherited)",
				);
				GCC_WARN_64_TO_32_BIT_CONVERSION = YES;
				GCC_WARN_ABOUT_RETURN_TYPE = YES_ERROR;
				GCC_WARN_UNDECLARED_SELECTOR = YES;
				GCC_WARN_UNINITIALIZED_AUTOS = YES_AGGRESSIVE;
				GCC_WARN_UNUSED_FUNCTION = YES;
				GCC_WARN_UNUSED_VARIABLE = YES;
				MACOSX_DEPLOYMENT_TARGET = 10.13;
				MTL_ENABLE_DEBUG_INFO = YES;
				ONLY_ACTIVE_ARCH = YES;
				SDKROOT = macosx;
			};
			name = Debug;
		};
		1FE4D3A5208894030076132C /* Release */ = {
			isa = XCBuildConfiguration;
			buildSettings = {
				ALWAYS_SEARCH_USER_PATHS = NO;
				CLANG_ANALYZER_NONNULL = YES;
				CLANG_ANALYZER_NUMBER_OBJECT_CONVERSION = YES_AGGRESSIVE;
				CLANG_CXX_LANGUAGE_STANDARD = "gnu++14";
				CLANG_CXX_LIBRARY = "libc++";
				CLANG_ENABLE_MODULES = YES;
				CLANG_ENABLE_OBJC_ARC = YES;
				CLANG_ENABLE_OBJC_WEAK = YES;
				CLANG_WARN_BLOCK_CAPTURE_AUTORELEASING = YES;
				CLANG_WARN_BOOL_CONVERSION = YES;
				CLANG_WARN_COMMA = YES;
				CLANG_WARN_CONSTANT_CONVERSION = YES;
				CLANG_WARN_DEPRECATED_OBJC_IMPLEMENTATIONS = YES;
				CLANG_WARN_DIRECT_OBJC_ISA_USAGE = YES_ERROR;
				CLANG_WARN_DOCUMENTATION_COMMENTS = YES;
				CLANG_WARN_EMPTY_BODY = YES;
				CLANG_WARN_ENUM_CONVERSION = YES;
				CLANG_WARN_INFINITE_RECURSION = YES;
				CLANG_WARN_INT_CONVERSION = YES;
				CLANG_WARN_NON_LITERAL_NULL_CONVERSION = YES;
				CLANG_WARN_OBJC_IMPLICIT_RETAIN_SELF = YES;
				CLANG_WARN_OBJC_LITERAL_CONVERSION = YES;
				CLANG_WARN_OBJC_ROOT_CLASS = YES_ERROR;
				CLANG_WARN_RANGE_LOOP_ANALYSIS = YES;
				CLANG_WARN_STRICT_PROTOTYPES = YES;
				CLANG_WARN_SUSPICIOUS_MOVE = YES;
				CLANG_WARN_UNGUARDED_AVAILABILITY = YES_AGGRESSIVE;
				CLANG_WARN_UNREACHABLE_CODE = YES;
				CLANG_WARN__DUPLICATE_METHOD_MATCH = YES;
				CODE_SIGN_IDENTITY = "Mac Developer";
				COPY_PHASE_STRIP = NO;
				DEBUG_INFORMATION_FORMAT = "dwarf-with-dsym";
				ENABLE_NS_ASSERTIONS = NO;
				ENABLE_STRICT_OBJC_MSGSEND = YES;
				GCC_C_LANGUAGE_STANDARD = gnu11;
				GCC_NO_COMMON_BLOCKS = YES;
				GCC_WARN_64_TO_32_BIT_CONVERSION = YES;
				GCC_WARN_ABOUT_RETURN_TYPE = YES_ERROR;
				GCC_WARN_UNDECLARED_SELECTOR = YES;
				GCC_WARN_UNINITIALIZED_AUTOS = YES_AGGRESSIVE;
				GCC_WARN_UNUSED_FUNCTION = YES;
				GCC_WARN_UNUSED_VARIABLE = YES;
				MACOSX_DEPLOYMENT_TARGET = 10.13;
				MTL_ENABLE_DEBUG_INFO = NO;
				SDKROOT = macosx;
			};
			name = Release;
		};
		1FE4D3A7208894030076132C /* Debug */ = {
			isa = XCBuildConfiguration;
			buildSettings = {
				CODE_SIGN_STYLE = Automatic;
				DEVELOPMENT_TEAM = 46K333G6VT;
				PRODUCT_NAME = "$(TARGET_NAME)";
			};
			name = Debug;
		};
		1FE4D3A8208894030076132C /* Release */ = {
			isa = XCBuildConfiguration;
			buildSettings = {
				CODE_SIGN_STYLE = Automatic;
				DEVELOPMENT_TEAM = 46K333G6VT;
				PRODUCT_NAME = "$(TARGET_NAME)";
			};
			name = Release;
		};
/* End XCBuildConfiguration section */

/* Begin XCConfigurationList section */
		1FE4D39A208894030076132C /* Build configuration list for PBXProject "TestLab7" */ = {
			isa = XCConfigurationList;
			buildConfigurations = (
				1FE4D3A4208894030076132C /* Debug */,
				1FE4D3A5208894030076132C /* Release */,
			);
			defaultConfigurationIsVisible = 0;
			defaultConfigurationName = Release;
		};
		1FE4D3A6208894030076132C /* Build configuration list for PBXNativeTarget "TestLab7" */ = {
			isa = XCConfigurationList;
			buildConfigurations = (
				1FE4D3A7208894030076132C /* Debug */,
				1FE4D3A8208894030076132C /* Release */,
			);
			defaultConfigurationIsVisible = 0;
			defaultConfigurationName = Release;
		};
/* End XCConfigurationList section */
	};
	rootObject = 1FE4D397208894030076132C /* Project object */;
}
